
Microsoft Visual Studio Solution File, Format Version 12.00
Project("{FAE04EC0-301F-11D3-BF4B-00C04F79EFBC}") = "MyMiniLibrary", "MyMiniLibrary\MyMiniLibrary.csproj", "{2210CFB3-CD7B-4099-80D8-42B7B3B84191}"
EndProject
Global
	GlobalSection(SolutionConfigurationPlatforms) = preSolution
		Debug|Any CPU = Debug|Any CPU
		Release|Any CPU = Release|Any CPU
	EndGlobalSection
	GlobalSection(ProjectConfigurationPlatforms) = postSolution
		{2210CFB3-CD7B-4099-80D8-42B7B3B84191}.Debug|Any CPU.ActiveCfg = Debug|Any CPU
		{2210CFB3-CD7B-4099-80D8-42B7B3B84191}.Debug|Any CPU.Build.0 = Debug|Any CPU
		{2210CFB3-CD7B-4099-80D8-42B7B3B84191}.Release|Any CPU.ActiveCfg = Release|Any CPU
		{2210CFB3-CD7B-4099-80D8-42B7B3B84191}.Release|Any CPU.Build.0 = Release|Any CPU
	EndGlobalSection
EndGlobal
